
Microsoft Visual Studio Solution File, Format Version 12.00
# Visual Studio Version 16
VisualStudioVersion = 16.0.31424.327
MinimumVisualStudioVersion = 10.0.40219.1
Project("{9A19103F-16F7-4668-BE54-9A1E7A4F7556}") = "BeSpokedBikes.API", "BeSpokedBikes.API\BeSpokedBikes.API.csproj", "{48927EBD-D7C5-47C2-8AC1-8D04CBEE9FC9}"
EndProject
Project("{9A19103F-16F7-4668-BE54-9A1E7A4F7556}") = "BeSpokedBikes.Data", "BeSpokedBikes.Data\BeSpokedBikes.Data.csproj", "{15CFACEF-47CA-4FC0-B0AA-09D76500E2C6}"
EndProject
Project("{FAE04EC0-301F-11D3-BF4B-00C04F79EFBC}") = "BeSpokedBikes.App", "BeSpokedBikes.App\BeSpokedBikes.App.csproj", "{56AF01C2-2D5B-4422-B14D-C444319FC4C8}"
EndProject
Project("{FAE04EC0-301F-11D3-BF4B-00C04F79EFBC}") = "BeSpokedBikes.Shared", "BeSpokedBikes.Shared\BeSpokedBikes.Shared.csproj", "{949CB649-510D-473C-B58C-44A1C81493DE}"
EndProject
Global
	GlobalSection(SolutionConfigurationPlatforms) = preSolution
		Debug|Any CPU = Debug|Any CPU
		Release|Any CPU = Release|Any CPU
	EndGlobalSection
	GlobalSection(ProjectConfigurationPlatforms) = postSolution
		{48927EBD-D7C5-47C2-8AC1-8D04CBEE9FC9}.Debug|Any CPU.ActiveCfg = Debug|Any CPU
		{48927EBD-D7C5-47C2-8AC1-8D04CBEE9FC9}.Debug|Any CPU.Build.0 = Debug|Any CPU
		{48927EBD-D7C5-47C2-8AC1-8D04CBEE9FC9}.Release|Any CPU.ActiveCfg = Release|Any CPU
		{48927EBD-D7C5-47C2-8AC1-8D04CBEE9FC9}.Release|Any CPU.Build.0 = Release|Any CPU
		{15CFACEF-47CA-4FC0-B0AA-09D76500E2C6}.Debug|Any CPU.ActiveCfg = Debug|Any CPU
		{15CFACEF-47CA-4FC0-B0AA-09D76500E2C6}.Debug|Any CPU.Build.0 = Debug|Any CPU
		{15CFACEF-47CA-4FC0-B0AA-09D76500E2C6}.Release|Any CPU.ActiveCfg = Release|Any CPU
		{15CFACEF-47CA-4FC0-B0AA-09D76500E2C6}.Release|Any CPU.Build.0 = Release|Any CPU
		{56AF01C2-2D5B-4422-B14D-C444319FC4C8}.Debug|Any CPU.ActiveCfg = Debug|Any CPU
		{56AF01C2-2D5B-4422-B14D-C444319FC4C8}.Debug|Any CPU.Build.0 = Debug|Any CPU
		{56AF01C2-2D5B-4422-B14D-C444319FC4C8}.Release|Any CPU.ActiveCfg = Release|Any CPU
		{56AF01C2-2D5B-4422-B14D-C444319FC4C8}.Release|Any CPU.Build.0 = Release|Any CPU
		{949CB649-510D-473C-B58C-44A1C81493DE}.Debug|Any CPU.ActiveCfg = Debug|Any CPU
		{949CB649-510D-473C-B58C-44A1C81493DE}.Debug|Any CPU.Build.0 = Debug|Any CPU
		{949CB649-510D-473C-B58C-44A1C81493DE}.Release|Any CPU.ActiveCfg = Release|Any CPU
		{949CB649-510D-473C-B58C-44A1C81493DE}.Release|Any CPU.Build.0 = Release|Any CPU
	EndGlobalSection
	GlobalSection(SolutionProperties) = preSolution
		HideSolutionNode = FALSE
	EndGlobalSection
	GlobalSection(ExtensibilityGlobals) = postSolution
		SolutionGuid = {119C4CC1-C3A7-4128-9DB3-F67EB0227355}
	EndGlobalSection
EndGlobal
